{
  "name": "pd8-vue3-api-superstars",
  "lockfileVersion": 2,
  "requires": true,
  "packages": {
    "": {
      "dependencies": {
        "vue-api": "^0.0.3"
      }
    },
    "node_modules/vue-api": {
      "version": "0.0.3",
      "resolved": "https://registry.npmjs.org/vue-api/-/vue-api-0.0.3.tgz",
      "integrity": "sha512-5zI5WeiGimsJewuUpcQH2oFCkvca1I4BWuRR7elwkdPocDkt+m1e9FE8Bj2nQiLJZwE8VjlHMZ9aX3e1EkX7Xw=="
    }
  },
  "dependencies": {
    "vue-api": {
      "version": "0.0.3",
      "resolved": "https://registry.npmjs.org/vue-api/-/vue-api-0.0.3.tgz",
      "integrity": "sha512-5zI5WeiGimsJewuUpcQH2oFCkvca1I4BWuRR7elwkdPocDkt+m1e9FE8Bj2nQiLJZwE8VjlHMZ9aX3e1EkX7Xw=="
    }
  }
}
